// !$*UTF8*$!
{
	archiveVersion = 1;
	classes = {
	};
	objectVersion = 56;
	objects = {

/* Begin PBXBuildFile section */
		260A85152C0D2C20000E93C7 /* AppDelegate.swift in Sources */ = {isa = PBXBuildFile; fileRef = 260A85142C0D2C20000E93C7 /* AppDelegate.swift */; };
		260A85172C0D2C20000E93C7 /* SceneDelegate.swift in Sources */ = {isa = PBXBuildFile; fileRef = 260A85162C0D2C20000E93C7 /* SceneDelegate.swift */; };
		260A851E2C0D2C22000E93C7 /* Assets.xcassets in Resources */ = {isa = PBXBuildFile; fileRef = 260A851D2C0D2C22000E93C7 /* Assets.xcassets */; };
		260A85212C0D2C22000E93C7 /* Base in Resources */ = {isa = PBXBuildFile; fileRef = 260A85202C0D2C22000E93C7 /* Base */; };
		260A852C2C0D2C23000E93C7 /* NasaImageExplorerTests.swift in Sources */ = {isa = PBXBuildFile; fileRef = 260A852B2C0D2C23000E93C7 /* NasaImageExplorerTests.swift */; };
		260A85362C0D2C23000E93C7 /* NasaImageExplorerUITests.swift in Sources */ = {isa = PBXBuildFile; fileRef = 260A85352C0D2C23000E93C7 /* NasaImageExplorerUITests.swift */; };
		260A85382C0D2C23000E93C7 /* NasaImageExplorerUITestsLaunchTests.swift in Sources */ = {isa = PBXBuildFile; fileRef = 260A85372C0D2C23000E93C7 /* NasaImageExplorerUITestsLaunchTests.swift */; };
		260A854B2C0D2E48000E93C7 /* NasaImage.swift in Sources */ = {isa = PBXBuildFile; fileRef = 260A854A2C0D2E48000E93C7 /* NasaImage.swift */; };
		260A854D2C0D2E8F000E93C7 /* NasaImageResponse.swift in Sources */ = {isa = PBXBuildFile; fileRef = 260A854C2C0D2E8F000E93C7 /* NasaImageResponse.swift */; };
		260A854F2C0D2F1B000E93C7 /* NasaAPIService.swift in Sources */ = {isa = PBXBuildFile; fileRef = 260A854E2C0D2F1B000E93C7 /* NasaAPIService.swift */; };
		260A85512C0D2F7A000E93C7 /* ImageGridViewModel.swift in Sources */ = {isa = PBXBuildFile; fileRef = 260A85502C0D2F7A000E93C7 /* ImageGridViewModel.swift */; };
		260A85532C0D2FA2000E93C7 /* ImageDetailViewModel.swift in Sources */ = {isa = PBXBuildFile; fileRef = 260A85522C0D2FA2000E93C7 /* ImageDetailViewModel.swift */; };
		260A85552C0D306E000E93C7 /* SearchBarView.swift in Sources */ = {isa = PBXBuildFile; fileRef = 260A85542C0D306E000E93C7 /* SearchBarView.swift */; };
		260A85572C0D3131000E93C7 /* ImageGridCell.swift in Sources */ = {isa = PBXBuildFile; fileRef = 260A85562C0D3131000E93C7 /* ImageGridCell.swift */; };
		260A85592C0D319B000E93C7 /* ImageGridView.swift in Sources */ = {isa = PBXBuildFile; fileRef = 260A85582C0D319B000E93C7 /* ImageGridView.swift */; };
		260A855B2C0D31C7000E93C7 /* ImageDetailView.swift in Sources */ = {isa = PBXBuildFile; fileRef = 260A855A2C0D31C7000E93C7 /* ImageDetailView.swift */; };
		260A855D2C0D31F7000E93C7 /* Extensions.swift in Sources */ = {isa = PBXBuildFile; fileRef = 260A855C2C0D31F7000E93C7 /* Extensions.swift */; };
		260A855F2C0E18BE000E93C7 /* DevelopmentViewController.swift in Sources */ = {isa = PBXBuildFile; fileRef = 260A855E2C0E18BE000E93C7 /* DevelopmentViewController.swift */; };
		26B3AC572C0E474F0002408A /* ImageGridViewModelTests.swift in Sources */ = {isa = PBXBuildFile; fileRef = 26B3AC562C0E474F0002408A /* ImageGridViewModelTests.swift */; };
		26B3AC592C0E48410002408A /* MockURLSession.swift in Sources */ = {isa = PBXBuildFile; fileRef = 26B3AC582C0E48410002408A /* MockURLSession.swift */; };
		26B3AC5B2C0E48600002408A /* ImageServiceTests.swift in Sources */ = {isa = PBXBuildFile; fileRef = 26B3AC5A2C0E48600002408A /* ImageServiceTests.swift */; };
		26B3AC5D2C0E4B3F0002408A /* ImageCache.swift in Sources */ = {isa = PBXBuildFile; fileRef = 26B3AC5C2C0E4B3F0002408A /* ImageCache.swift */; };
		26B3AC5F2C0E726F0002408A /* WelcomeView.swift in Sources */ = {isa = PBXBuildFile; fileRef = 26B3AC5E2C0E726F0002408A /* WelcomeView.swift */; };
		26B3AC612C0E740D0002408A /* NoResultsLabel.swift in Sources */ = {isa = PBXBuildFile; fileRef = 26B3AC602C0E740D0002408A /* NoResultsLabel.swift */; };
/* End PBXBuildFile section */

/* Begin PBXContainerItemProxy section */
		260A85282C0D2C23000E93C7 /* PBXContainerItemProxy */ = {
			isa = PBXContainerItemProxy;
			containerPortal = 260A85092C0D2C20000E93C7 /* Project object */;
			proxyType = 1;
			remoteGlobalIDString = 260A85102C0D2C20000E93C7;
			remoteInfo = NasaImageExplorer;
		};
		260A85322C0D2C23000E93C7 /* PBXContainerItemProxy */ = {
			isa = PBXContainerItemProxy;
			containerPortal = 260A85092C0D2C20000E93C7 /* Project object */;
			proxyType = 1;
			remoteGlobalIDString = 260A85102C0D2C20000E93C7;
			remoteInfo = NasaImageExplorer;
		};
/* End PBXContainerItemProxy section */

/* Begin PBXFileReference section */
		260A85112C0D2C20000E93C7 /* NasaImageExplorer.app */ = {isa = PBXFileReference; explicitFileType = wrapper.application; includeInIndex = 0; path = NasaImageExplorer.app; sourceTree = BUILT_PRODUCTS_DIR; };
		260A85142C0D2C20000E93C7 /* AppDelegate.swift */ = {isa = PBXFileReference; lastKnownFileType = sourcecode.swift; path = AppDelegate.swift; sourceTree = "<group>"; };
		260A85162C0D2C20000E93C7 /* SceneDelegate.swift */ = {isa = PBXFileReference; lastKnownFileType = sourcecode.swift; path = SceneDelegate.swift; sourceTree = "<group>"; };
		260A851D2C0D2C22000E93C7 /* Assets.xcassets */ = {isa = PBXFileReference; lastKnownFileType = folder.assetcatalog; path = Assets.xcassets; sourceTree = "<group>"; };
		260A85202C0D2C22000E93C7 /* Base */ = {isa = PBXFileReference; lastKnownFileType = file.storyboard; name = Base; path = Base.lproj/LaunchScreen.storyboard; sourceTree = "<group>"; };
		260A85222C0D2C22000E93C7 /* Info.plist */ = {isa = PBXFileReference; lastKnownFileType = text.plist.xml; path = Info.plist; sourceTree = "<group>"; };
		260A85272C0D2C23000E93C7 /* NasaImageExplorerTests.xctest */ = {isa = PBXFileReference; explicitFileType = wrapper.cfbundle; includeInIndex = 0; path = NasaImageExplorerTests.xctest; sourceTree = BUILT_PRODUCTS_DIR; };
		260A852B2C0D2C23000E93C7 /* NasaImageExplorerTests.swift */ = {isa = PBXFileReference; lastKnownFileType = sourcecode.swift; path = NasaImageExplorerTests.swift; sourceTree = "<group>"; };
		260A85312C0D2C23000E93C7 /* NasaImageExplorerUITests.xctest */ = {isa = PBXFileReference; explicitFileType = wrapper.cfbundle; includeInIndex = 0; path = NasaImageExplorerUITests.xctest; sourceTree = BUILT_PRODUCTS_DIR; };
		260A85352C0D2C23000E93C7 /* NasaImageExplorerUITests.swift */ = {isa = PBXFileReference; lastKnownFileType = sourcecode.swift; path = NasaImageExplorerUITests.swift; sourceTree = "<group>"; };
		260A85372C0D2C23000E93C7 /* NasaImageExplorerUITestsLaunchTests.swift */ = {isa = PBXFileReference; lastKnownFileType = sourcecode.swift; path = NasaImageExplorerUITestsLaunchTests.swift; sourceTree = "<group>"; };
		260A854A2C0D2E48000E93C7 /* NasaImage.swift */ = {isa = PBXFileReference; lastKnownFileType = sourcecode.swift; path = NasaImage.swift; sourceTree = "<group>"; };
		260A854C2C0D2E8F000E93C7 /* NasaImageResponse.swift */ = {isa = PBXFileReference; lastKnownFileType = sourcecode.swift; path = NasaImageResponse.swift; sourceTree = "<group>"; };
		260A854E2C0D2F1B000E93C7 /* NasaAPIService.swift */ = {isa = PBXFileReference; lastKnownFileType = sourcecode.swift; path = NasaAPIService.swift; sourceTree = "<group>"; };
		260A85502C0D2F7A000E93C7 /* ImageGridViewModel.swift */ = {isa = PBXFileReference; lastKnownFileType = sourcecode.swift; path = ImageGridViewModel.swift; sourceTree = "<group>"; };
		260A85522C0D2FA2000E93C7 /* ImageDetailViewModel.swift */ = {isa = PBXFileReference; lastKnownFileType = sourcecode.swift; path = ImageDetailViewModel.swift; sourceTree = "<group>"; };
		260A85542C0D306E000E93C7 /* SearchBarView.swift */ = {isa = PBXFileReference; lastKnownFileType = sourcecode.swift; path = SearchBarView.swift; sourceTree = "<group>"; };
		260A85562C0D3131000E93C7 /* ImageGridCell.swift */ = {isa = PBXFileReference; lastKnownFileType = sourcecode.swift; path = ImageGridCell.swift; sourceTree = "<group>"; };
		260A85582C0D319B000E93C7 /* ImageGridView.swift */ = {isa = PBXFileReference; lastKnownFileType = sourcecode.swift; path = ImageGridView.swift; sourceTree = "<group>"; };
		260A855A2C0D31C7000E93C7 /* ImageDetailView.swift */ = {isa = PBXFileReference; lastKnownFileType = sourcecode.swift; path = ImageDetailView.swift; sourceTree = "<group>"; };
		260A855C2C0D31F7000E93C7 /* Extensions.swift */ = {isa = PBXFileReference; lastKnownFileType = sourcecode.swift; path = Extensions.swift; sourceTree = "<group>"; };
		260A855E2C0E18BE000E93C7 /* DevelopmentViewController.swift */ = {isa = PBXFileReference; lastKnownFileType = sourcecode.swift; path = DevelopmentViewController.swift; sourceTree = "<group>"; };
		26B3AC562C0E474F0002408A /* ImageGridViewModelTests.swift */ = {isa = PBXFileReference; lastKnownFileType = sourcecode.swift; path = ImageGridViewModelTests.swift; sourceTree = "<group>"; };
		26B3AC582C0E48410002408A /* MockURLSession.swift */ = {isa = PBXFileReference; lastKnownFileType = sourcecode.swift; path = MockURLSession.swift; sourceTree = "<group>"; };
		26B3AC5A2C0E48600002408A /* ImageServiceTests.swift */ = {isa = PBXFileReference; lastKnownFileType = sourcecode.swift; path = ImageServiceTests.swift; sourceTree = "<group>"; };
		26B3AC5C2C0E4B3F0002408A /* ImageCache.swift */ = {isa = PBXFileReference; lastKnownFileType = sourcecode.swift; path = ImageCache.swift; sourceTree = "<group>"; };
		26B3AC5E2C0E726F0002408A /* WelcomeView.swift */ = {isa = PBXFileReference; lastKnownFileType = sourcecode.swift; path = WelcomeView.swift; sourceTree = "<group>"; };
		26B3AC602C0E740D0002408A /* NoResultsLabel.swift */ = {isa = PBXFileReference; lastKnownFileType = sourcecode.swift; path = NoResultsLabel.swift; sourceTree = "<group>"; };
/* End PBXFileReference section */

/* Begin PBXFrameworksBuildPhase section */
		260A850E2C0D2C20000E93C7 /* Frameworks */ = {
			isa = PBXFrameworksBuildPhase;
			buildActionMask = 2147483647;
			files = (
			);
			runOnlyForDeploymentPostprocessing = 0;
		};
		260A85242C0D2C23000E93C7 /* Frameworks */ = {
			isa = PBXFrameworksBuildPhase;
			buildActionMask = 2147483647;
			files = (
			);
			runOnlyForDeploymentPostprocessing = 0;
		};
		260A852E2C0D2C23000E93C7 /* Frameworks */ = {
			isa = PBXFrameworksBuildPhase;
			buildActionMask = 2147483647;
			files = (
			);
			runOnlyForDeploymentPostprocessing = 0;
		};
/* End PBXFrameworksBuildPhase section */

/* Begin PBXGroup section */
		260A85082C0D2C20000E93C7 = {
			isa = PBXGroup;
			children = (
				260A85132C0D2C20000E93C7 /* NasaImageExplorer */,
				260A852A2C0D2C23000E93C7 /* NasaImageExplorerTests */,
				260A85342C0D2C23000E93C7 /* NasaImageExplorerUITests */,
				260A85122C0D2C20000E93C7 /* Products */,
			);
			sourceTree = "<group>";
		};
		260A85122C0D2C20000E93C7 /* Products */ = {
			isa = PBXGroup;
			children = (
				260A85112C0D2C20000E93C7 /* NasaImageExplorer.app */,
				260A85272C0D2C23000E93C7 /* NasaImageExplorerTests.xctest */,
				260A85312C0D2C23000E93C7 /* NasaImageExplorerUITests.xctest */,
			);
			name = Products;
			sourceTree = "<group>";
		};
		260A85132C0D2C20000E93C7 /* NasaImageExplorer */ = {
			isa = PBXGroup;
			children = (
				260A85442C0D2D65000E93C7 /* View */,
				260A85452C0D2D74000E93C7 /* ViewModel */,
				260A85462C0D2D84000E93C7 /* Model */,
				260A85472C0D2D92000E93C7 /* Network */,
				260A85482C0D2D99000E93C7 /* Utility */,
				260A85492C0D2DA1000E93C7 /* Resources */,
				260A85162C0D2C20000E93C7 /* SceneDelegate.swift */,
				260A85142C0D2C20000E93C7 /* AppDelegate.swift */,
				260A85222C0D2C22000E93C7 /* Info.plist */,
				260A855E2C0E18BE000E93C7 /* DevelopmentViewController.swift */,
			);
			path = NasaImageExplorer;
			sourceTree = "<group>";
		};
		260A852A2C0D2C23000E93C7 /* NasaImageExplorerTests */ = {
			isa = PBXGroup;
			children = (
				260A852B2C0D2C23000E93C7 /* NasaImageExplorerTests.swift */,
				26B3AC562C0E474F0002408A /* ImageGridViewModelTests.swift */,
				26B3AC582C0E48410002408A /* MockURLSession.swift */,
				26B3AC5A2C0E48600002408A /* ImageServiceTests.swift */,
			);
			path = NasaImageExplorerTests;
			sourceTree = "<group>";
		};
		260A85342C0D2C23000E93C7 /* NasaImageExplorerUITests */ = {
			isa = PBXGroup;
			children = (
				260A85352C0D2C23000E93C7 /* NasaImageExplorerUITests.swift */,
				260A85372C0D2C23000E93C7 /* NasaImageExplorerUITestsLaunchTests.swift */,
			);
			path = NasaImageExplorerUITests;
			sourceTree = "<group>";
		};
		260A85442C0D2D65000E93C7 /* View */ = {
			isa = PBXGroup;
			children = (
				260A85542C0D306E000E93C7 /* SearchBarView.swift */,
				260A85562C0D3131000E93C7 /* ImageGridCell.swift */,
				260A85582C0D319B000E93C7 /* ImageGridView.swift */,
				260A855A2C0D31C7000E93C7 /* ImageDetailView.swift */,
				26B3AC5E2C0E726F0002408A /* WelcomeView.swift */,
				26B3AC602C0E740D0002408A /* NoResultsLabel.swift */,
			);
			path = View;
			sourceTree = "<group>";
		};
		260A85452C0D2D74000E93C7 /* ViewModel */ = {
			isa = PBXGroup;
			children = (
				260A85502C0D2F7A000E93C7 /* ImageGridViewModel.swift */,
				260A85522C0D2FA2000E93C7 /* ImageDetailViewModel.swift */,
			);
			path = ViewModel;
			sourceTree = "<group>";
		};
		260A85462C0D2D84000E93C7 /* Model */ = {
			isa = PBXGroup;
			children = (
				260A854A2C0D2E48000E93C7 /* NasaImage.swift */,
				260A854C2C0D2E8F000E93C7 /* NasaImageResponse.swift */,
			);
			path = Model;
			sourceTree = "<group>";
		};
		260A85472C0D2D92000E93C7 /* Network */ = {
			isa = PBXGroup;
			children = (
				260A854E2C0D2F1B000E93C7 /* NasaAPIService.swift */,
			);
			path = Network;
			sourceTree = "<group>";
		};
		260A85482C0D2D99000E93C7 /* Utility */ = {
			isa = PBXGroup;
			children = (
				260A855C2C0D31F7000E93C7 /* Extensions.swift */,
				26B3AC5C2C0E4B3F0002408A /* ImageCache.swift */,
			);
			path = Utility;
			sourceTree = "<group>";
		};
		260A85492C0D2DA1000E93C7 /* Resources */ = {
			isa = PBXGroup;
			children = (
				260A851F2C0D2C22000E93C7 /* LaunchScreen.storyboard */,
				260A851D2C0D2C22000E93C7 /* Assets.xcassets */,
			);
			path = Resources;
			sourceTree = "<group>";
		};
/* End PBXGroup section */

/* Begin PBXNativeTarget section */
		260A85102C0D2C20000E93C7 /* NasaImageExplorer */ = {
			isa = PBXNativeTarget;
			buildConfigurationList = 260A853B2C0D2C23000E93C7 /* Build configuration list for PBXNativeTarget "NasaImageExplorer" */;
			buildPhases = (
				260A850D2C0D2C20000E93C7 /* Sources */,
				260A850E2C0D2C20000E93C7 /* Frameworks */,
				260A850F2C0D2C20000E93C7 /* Resources */,
			);
			buildRules = (
			);
			dependencies = (
			);
			name = NasaImageExplorer;
			productName = NasaImageExplorer;
			productReference = 260A85112C0D2C20000E93C7 /* NasaImageExplorer.app */;
			productType = "com.apple.product-type.application";
		};
		260A85262C0D2C23000E93C7 /* NasaImageExplorerTests */ = {
			isa = PBXNativeTarget;
			buildConfigurationList = 260A853E2C0D2C23000E93C7 /* Build configuration list for PBXNativeTarget "NasaImageExplorerTests" */;
			buildPhases = (
				260A85232C0D2C23000E93C7 /* Sources */,
				260A85242C0D2C23000E93C7 /* Frameworks */,
				260A85252C0D2C23000E93C7 /* Resources */,
			);
			buildRules = (
			);
			dependencies = (
				260A85292C0D2C23000E93C7 /* PBXTargetDependency */,
			);
			name = NasaImageExplorerTests;
			productName = NasaImageExplorerTests;
			productReference = 260A85272C0D2C23000E93C7 /* NasaImageExplorerTests.xctest */;
			productType = "com.apple.product-type.bundle.unit-test";
		};
		260A85302C0D2C23000E93C7 /* NasaImageExplorerUITests */ = {
			isa = PBXNativeTarget;
			buildConfigurationList = 260A85412C0D2C23000E93C7 /* Build configuration list for PBXNativeTarget "NasaImageExplorerUITests" */;
			buildPhases = (
				260A852D2C0D2C23000E93C7 /* Sources */,
				260A852E2C0D2C23000E93C7 /* Frameworks */,
				260A852F2C0D2C23000E93C7 /* Resources */,
			);
			buildRules = (
			);
			dependencies = (
				260A85332C0D2C23000E93C7 /* PBXTargetDependency */,
			);
			name = NasaImageExplorerUITests;
			productName = NasaImageExplorerUITests;
			productReference = 260A85312C0D2C23000E93C7 /* NasaImageExplorerUITests.xctest */;
			productType = "com.apple.product-type.bundle.ui-testing";
		};
/* End PBXNativeTarget section */

/* Begin PBXProject section */
		260A85092C0D2C20000E93C7 /* Project object */ = {
			isa = PBXProject;
			attributes = {
				BuildIndependentTargetsInParallel = 1;
				LastSwiftUpdateCheck = 1530;
				LastUpgradeCheck = 1530;
				TargetAttributes = {
					260A85102C0D2C20000E93C7 = {
						CreatedOnToolsVersion = 15.3;
					};
					260A85262C0D2C23000E93C7 = {
						CreatedOnToolsVersion = 15.3;
						TestTargetID = 260A85102C0D2C20000E93C7;
					};
					260A85302C0D2C23000E93C7 = {
						CreatedOnToolsVersion = 15.3;
						TestTargetID = 260A85102C0D2C20000E93C7;
					};
				};
			};
			buildConfigurationList = 260A850C2C0D2C20000E93C7 /* Build configuration list for PBXProject "NasaImageExplorer" */;
			compatibilityVersion = "Xcode 14.0";
			developmentRegion = en;
			hasScannedForEncodings = 0;
			knownRegions = (
				en,
				Base,
			);
			mainGroup = 260A85082C0D2C20000E93C7;
			productRefGroup = 260A85122C0D2C20000E93C7 /* Products */;
			projectDirPath = "";
			projectRoot = "";
			targets = (
				260A85102C0D2C20000E93C7 /* NasaImageExplorer */,
				260A85262C0D2C23000E93C7 /* NasaImageExplorerTests */,
				260A85302C0D2C23000E93C7 /* NasaImageExplorerUITests */,
			);
		};
/* End PBXProject section */

/* Begin PBXResourcesBuildPhase section */
		260A850F2C0D2C20000E93C7 /* Resources */ = {
			isa = PBXResourcesBuildPhase;
			buildActionMask = 2147483647;
			files = (
				260A851E2C0D2C22000E93C7 /* Assets.xcassets in Resources */,
				260A85212C0D2C22000E93C7 /* Base in Resources */,
			);
			runOnlyForDeploymentPostprocessing = 0;
		};
		260A85252C0D2C23000E93C7 /* Resources */ = {
			isa = PBXResourcesBuildPhase;
			buildActionMask = 2147483647;
			files = (
			);
			runOnlyForDeploymentPostprocessing = 0;
		};
		260A852F2C0D2C23000E93C7 /* Resources */ = {
			isa = PBXResourcesBuildPhase;
			buildActionMask = 2147483647;
			files = (
			);
			runOnlyForDeploymentPostprocessing = 0;
		};
/* End PBXResourcesBuildPhase section */

/* Begin PBXSourcesBuildPhase section */
		260A850D2C0D2C20000E93C7 /* Sources */ = {
			isa = PBXSourcesBuildPhase;
			buildActionMask = 2147483647;
			files = (
				260A854D2C0D2E8F000E93C7 /* NasaImageResponse.swift in Sources */,
				260A85552C0D306E000E93C7 /* SearchBarView.swift in Sources */,
				260A854F2C0D2F1B000E93C7 /* NasaAPIService.swift in Sources */,
				260A85572C0D3131000E93C7 /* ImageGridCell.swift in Sources */,
				260A854B2C0D2E48000E93C7 /* NasaImage.swift in Sources */,
				260A855B2C0D31C7000E93C7 /* ImageDetailView.swift in Sources */,
				260A85152C0D2C20000E93C7 /* AppDelegate.swift in Sources */,
				260A855D2C0D31F7000E93C7 /* Extensions.swift in Sources */,
				260A85592C0D319B000E93C7 /* ImageGridView.swift in Sources */,
				260A855F2C0E18BE000E93C7 /* DevelopmentViewController.swift in Sources */,
				26B3AC5F2C0E726F0002408A /* WelcomeView.swift in Sources */,
				260A85172C0D2C20000E93C7 /* SceneDelegate.swift in Sources */,
				260A85512C0D2F7A000E93C7 /* ImageGridViewModel.swift in Sources */,
				26B3AC5D2C0E4B3F0002408A /* ImageCache.swift in Sources */,
				26B3AC612C0E740D0002408A /* NoResultsLabel.swift in Sources */,
				260A85532C0D2FA2000E93C7 /* ImageDetailViewModel.swift in Sources */,
			);
			runOnlyForDeploymentPostprocessing = 0;
		};
		260A85232C0D2C23000E93C7 /* Sources */ = {
			isa = PBXSourcesBuildPhase;
			buildActionMask = 2147483647;
			files = (
				26B3AC592C0E48410002408A /* MockURLSession.swift in Sources */,
				26B3AC5B2C0E48600002408A /* ImageServiceTests.swift in Sources */,
				26B3AC572C0E474F0002408A /* ImageGridViewModelTests.swift in Sources */,
				260A852C2C0D2C23000E93C7 /* NasaImageExplorerTests.swift in Sources */,
			);
			runOnlyForDeploymentPostprocessing = 0;
		};
		260A852D2C0D2C23000E93C7 /* Sources */ = {
			isa = PBXSourcesBuildPhase;
			buildActionMask = 2147483647;
			files = (
				260A85382C0D2C23000E93C7 /* NasaImageExplorerUITestsLaunchTests.swift in Sources */,
				260A85362C0D2C23000E93C7 /* NasaImageExplorerUITests.swift in Sources */,
			);
			runOnlyForDeploymentPostprocessing = 0;
		};
/* End PBXSourcesBuildPhase section */

/* Begin PBXTargetDependency section */
		260A85292C0D2C23000E93C7 /* PBXTargetDependency */ = {
			isa = PBXTargetDependency;
			target = 260A85102C0D2C20000E93C7 /* NasaImageExplorer */;
			targetProxy = 260A85282C0D2C23000E93C7 /* PBXContainerItemProxy */;
		};
		260A85332C0D2C23000E93C7 /* PBXTargetDependency */ = {
			isa = PBXTargetDependency;
			target = 260A85102C0D2C20000E93C7 /* NasaImageExplorer */;
			targetProxy = 260A85322C0D2C23000E93C7 /* PBXContainerItemProxy */;
		};
/* End PBXTargetDependency section */

/* Begin PBXVariantGroup section */
		260A851F2C0D2C22000E93C7 /* LaunchScreen.storyboard */ = {
			isa = PBXVariantGroup;
			children = (
				260A85202C0D2C22000E93C7 /* Base */,
			);
			name = LaunchScreen.storyboard;
			sourceTree = "<group>";
		};
/* End PBXVariantGroup section */

/* Begin XCBuildConfiguration section */
		260A85392C0D2C23000E93C7 /* Debug */ = {
			isa = XCBuildConfiguration;
			buildSettings = {
				ALWAYS_SEARCH_USER_PATHS = NO;
				ASSETCATALOG_COMPILER_GENERATE_SWIFT_ASSET_SYMBOL_EXTENSIONS = YES;
				CLANG_ANALYZER_NONNULL = YES;
				CLANG_ANALYZER_NUMBER_OBJECT_CONVERSION = YES_AGGRESSIVE;
				CLANG_CXX_LANGUAGE_STANDARD = "gnu++20";
				CLANG_ENABLE_MODULES = YES;
				CLANG_ENABLE_OBJC_ARC = YES;
				CLANG_ENABLE_OBJC_WEAK = YES;
				CLANG_WARN_BLOCK_CAPTURE_AUTORELEASING = YES;
				CLANG_WARN_BOOL_CONVERSION = YES;
				CLANG_WARN_COMMA = YES;
				CLANG_WARN_CONSTANT_CONVERSION = YES;
				CLANG_WARN_DEPRECATED_OBJC_IMPLEMENTATIONS = YES;
				CLANG_WARN_DIRECT_OBJC_ISA_USAGE = YES_ERROR;
				CLANG_WARN_DOCUMENTATION_COMMENTS = YES;
				CLANG_WARN_EMPTY_BODY = YES;
				CLANG_WARN_ENUM_CONVERSION = YES;
				CLANG_WARN_INFINITE_RECURSION = YES;
				CLANG_WARN_INT_CONVERSION = YES;
				CLANG_WARN_NON_LITERAL_NULL_CONVERSION = YES;
				CLANG_WARN_OBJC_IMPLICIT_RETAIN_SELF = YES;
				CLANG_WARN_OBJC_LITERAL_CONVERSION = YES;
				CLANG_WARN_OBJC_ROOT_CLASS = YES_ERROR;
				CLANG_WARN_QUOTED_INCLUDE_IN_FRAMEWORK_HEADER = YES;
				CLANG_WARN_RANGE_LOOP_ANALYSIS = YES;
				CLANG_WARN_STRICT_PROTOTYPES = YES;
				CLANG_WARN_SUSPICIOUS_MOVE = YES;
				CLANG_WARN_UNGUARDED_AVAILABILITY = YES_AGGRESSIVE;
				CLANG_WARN_UNREACHABLE_CODE = YES;
				CLANG_WARN__DUPLICATE_METHOD_MATCH = YES;
				COPY_PHASE_STRIP = NO;
				DEBUG_INFORMATION_FORMAT = dwarf;
				ENABLE_STRICT_OBJC_MSGSEND = YES;
				ENABLE_TESTABILITY = YES;
				ENABLE_USER_SCRIPT_SANDBOXING = YES;
				GCC_C_LANGUAGE_STANDARD = gnu17;
				GCC_DYNAMIC_NO_PIC = NO;
				GCC_NO_COMMON_BLOCKS = YES;
				GCC_OPTIMIZATION_LEVEL = 0;
				GCC_PREPROCESSOR_DEFINITIONS = (
					"DEBUG=1",
					"$(inherited)",
				);
				GCC_WARN_64_TO_32_BIT_CONVERSION = YES;
				GCC_WARN_ABOUT_RETURN_TYPE = YES_ERROR;
				GCC_WARN_UNDECLARED_SELECTOR = YES;
				GCC_WARN_UNINITIALIZED_AUTOS = YES_AGGRESSIVE;
				GCC_WARN_UNUSED_FUNCTION = YES;
				GCC_WARN_UNUSED_VARIABLE = YES;
				IPHONEOS_DEPLOYMENT_TARGET = 17.4;
				LOCALIZATION_PREFERS_STRING_CATALOGS = YES;
				MTL_ENABLE_DEBUG_INFO = INCLUDE_SOURCE;
				MTL_FAST_MATH = YES;
				ONLY_ACTIVE_ARCH = YES;
				SDKROOT = iphoneos;
				SWIFT_ACTIVE_COMPILATION_CONDITIONS = "DEBUG $(inherited)";
				SWIFT_OPTIMIZATION_LEVEL = "-Onone";
			};
			name = Debug;
		};
		260A853A2C0D2C23000E93C7 /* Release */ = {
			isa = XCBuildConfiguration;
			buildSettings = {
				ALWAYS_SEARCH_USER_PATHS = NO;
				ASSETCATALOG_COMPILER_GENERATE_SWIFT_ASSET_SYMBOL_EXTENSIONS = YES;
				CLANG_ANALYZER_NONNULL = YES;
				CLANG_ANALYZER_NUMBER_OBJECT_CONVERSION = YES_AGGRESSIVE;
				CLANG_CXX_LANGUAGE_STANDARD = "gnu++20";
				CLANG_ENABLE_MODULES = YES;
				CLANG_ENABLE_OBJC_ARC = YES;
				CLANG_ENABLE_OBJC_WEAK = YES;
				CLANG_WARN_BLOCK_CAPTURE_AUTORELEASING = YES;
				CLANG_WARN_BOOL_CONVERSION = YES;
				CLANG_WARN_COMMA = YES;
				CLANG_WARN_CONSTANT_CONVERSION = YES;
				CLANG_WARN_DEPRECATED_OBJC_IMPLEMENTATIONS = YES;
				CLANG_WARN_DIRECT_OBJC_ISA_USAGE = YES_ERROR;
				CLANG_WARN_DOCUMENTATION_COMMENTS = YES;
				CLANG_WARN_EMPTY_BODY = YES;
				CLANG_WARN_ENUM_CONVERSION = YES;
				CLANG_WARN_INFINITE_RECURSION = YES;
				CLANG_WARN_INT_CONVERSION = YES;
				CLANG_WARN_NON_LITERAL_NULL_CONVERSION = YES;
				CLANG_WARN_OBJC_IMPLICIT_RETAIN_SELF = YES;
				CLANG_WARN_OBJC_LITERAL_CONVERSION = YES;
				CLANG_WARN_OBJC_ROOT_CLASS = YES_ERROR;
				CLANG_WARN_QUOTED_INCLUDE_IN_FRAMEWORK_HEADER = YES;
				CLANG_WARN_RANGE_LOOP_ANALYSIS = YES;
				CLANG_WARN_STRICT_PROTOTYPES = YES;
				CLANG_WARN_SUSPICIOUS_MOVE = YES;
				CLANG_WARN_UNGUARDED_AVAILABILITY = YES_AGGRESSIVE;
				CLANG_WARN_UNREACHABLE_CODE = YES;
				CLANG_WARN__DUPLICATE_METHOD_MATCH = YES;
				COPY_PHASE_STRIP = NO;
				DEBUG_INFORMATION_FORMAT = "dwarf-with-dsym";
				ENABLE_NS_ASSERTIONS = NO;
				ENABLE_STRICT_OBJC_MSGSEND = YES;
				ENABLE_USER_SCRIPT_SANDBOXING = YES;
				GCC_C_LANGUAGE_STANDARD = gnu17;
				GCC_NO_COMMON_BLOCKS = YES;
				GCC_WARN_64_TO_32_BIT_CONVERSION = YES;
				GCC_WARN_ABOUT_RETURN_TYPE = YES_ERROR;
				GCC_WARN_UNDECLARED_SELECTOR = YES;
				GCC_WARN_UNINITIALIZED_AUTOS = YES_AGGRESSIVE;
				GCC_WARN_UNUSED_FUNCTION = YES;
				GCC_WARN_UNUSED_VARIABLE = YES;
				IPHONEOS_DEPLOYMENT_TARGET = 17.4;
				LOCALIZATION_PREFERS_STRING_CATALOGS = YES;
				MTL_ENABLE_DEBUG_INFO = NO;
				MTL_FAST_MATH = YES;
				SDKROOT = iphoneos;
				SWIFT_COMPILATION_MODE = wholemodule;
				VALIDATE_PRODUCT = YES;
			};
			name = Release;
		};
		260A853C2C0D2C23000E93C7 /* Debug */ = {
			isa = XCBuildConfiguration;
			buildSettings = {
				ASSETCATALOG_COMPILER_APPICON_NAME = AppIcon;
				ASSETCATALOG_COMPILER_GLOBAL_ACCENT_COLOR_NAME = AccentColor;
				CODE_SIGN_STYLE = Automatic;
				CURRENT_PROJECT_VERSION = 1;
				DEVELOPMENT_TEAM = P235TPVD73;
				GENERATE_INFOPLIST_FILE = YES;
				INFOPLIST_FILE = NasaImageExplorer/Info.plist;
				INFOPLIST_KEY_UIApplicationSupportsIndirectInputEvents = YES;
				INFOPLIST_KEY_UILaunchStoryboardName = LaunchScreen;
				INFOPLIST_KEY_UIMainStoryboardFile = "";
				INFOPLIST_KEY_UISupportedInterfaceOrientations_iPad = "UIInterfaceOrientationPortrait UIInterfaceOrientationPortraitUpsideDown UIInterfaceOrientationLandscapeLeft UIInterfaceOrientationLandscapeRight";
				INFOPLIST_KEY_UISupportedInterfaceOrientations_iPhone = "UIInterfaceOrientationPortrait UIInterfaceOrientationLandscapeLeft UIInterfaceOrientationLandscapeRight";
				LD_RUNPATH_SEARCH_PATHS = (
					"$(inherited)",
					"@executable_path/Frameworks",
				);
				MARKETING_VERSION = 1.0;
				PRODUCT_BUNDLE_IDENTIFIER = "engineering-interview.NasaImageExplorer";
				PRODUCT_NAME = "$(TARGET_NAME)";
				SWIFT_EMIT_LOC_STRINGS = YES;
				SWIFT_VERSION = 5.0;
				TARGETED_DEVICE_FAMILY = "1,2";
			};
			name = Debug;
		};
		260A853D2C0D2C23000E93C7 /* Release */ = {
			isa = XCBuildConfiguration;
			buildSettings = {
				ASSETCATALOG_COMPILER_APPICON_NAME = AppIcon;
				ASSETCATALOG_COMPILER_GLOBAL_ACCENT_COLOR_NAME = AccentColor;
				CODE_SIGN_STYLE = Automatic;
				CURRENT_PROJECT_VERSION = 1;
				DEVELOPMENT_TEAM = P235TPVD73;
				GENERATE_INFOPLIST_FILE = YES;
				INFOPLIST_FILE = NasaImageExplorer/Info.plist;
				INFOPLIST_KEY_UIApplicationSupportsIndirectInputEvents = YES;
				INFOPLIST_KEY_UILaunchStoryboardName = LaunchScreen;
				INFOPLIST_KEY_UIMainStoryboardFile = "";
				INFOPLIST_KEY_UISupportedInterfaceOrientations_iPad = "UIInterfaceOrientationPortrait UIInterfaceOrientationPortraitUpsideDown UIInterfaceOrientationLandscapeLeft UIInterfaceOrientationLandscapeRight";
				INFOPLIST_KEY_UISupportedInterfaceOrientations_iPhone = "UIInterfaceOrientationPortrait UIInterfaceOrientationLandscapeLeft UIInterfaceOrientationLandscapeRight";
				LD_RUNPATH_SEARCH_PATHS = (
					"$(inherited)",
					"@executable_path/Frameworks",
				);
				MARKETING_VERSION = 1.0;
				PRODUCT_BUNDLE_IDENTIFIER = "engineering-interview.NasaImageExplorer";
				PRODUCT_NAME = "$(TARGET_NAME)";
				SWIFT_EMIT_LOC_STRINGS = YES;
				SWIFT_VERSION = 5.0;
				TARGETED_DEVICE_FAMILY = "1,2";
			};
			name = Release;
		};
		260A853F2C0D2C23000E93C7 /* Debug */ = {
			isa = XCBuildConfiguration;
			buildSettings = {
				ALWAYS_EMBED_SWIFT_STANDARD_LIBRARIES = YES;
				BUNDLE_LOADER = "$(TEST_HOST)";
				CODE_SIGN_STYLE = Automatic;
				CURRENT_PROJECT_VERSION = 1;
				DEVELOPMENT_TEAM = P235TPVD73;
				GENERATE_INFOPLIST_FILE = YES;
				IPHONEOS_DEPLOYMENT_TARGET = 17.4;
				MARKETING_VERSION = 1.0;
				PRODUCT_BUNDLE_IDENTIFIER = "engineering-interview.NasaImageExplorerTests";
				PRODUCT_NAME = "$(TARGET_NAME)";
				SWIFT_EMIT_LOC_STRINGS = NO;
				SWIFT_VERSION = 5.0;
				TARGETED_DEVICE_FAMILY = "1,2";
				TEST_HOST = "$(BUILT_PRODUCTS_DIR)/NasaImageExplorer.app/$(BUNDLE_EXECUTABLE_FOLDER_PATH)/NasaImageExplorer";
			};
			name = Debug;
		};
		260A85402C0D2C23000E93C7 /* Release */ = {
			isa = XCBuildConfiguration;
			buildSettings = {
				ALWAYS_EMBED_SWIFT_STANDARD_LIBRARIES = YES;
				BUNDLE_LOADER = "$(TEST_HOST)";
				CODE_SIGN_STYLE = Automatic;
				CURRENT_PROJECT_VERSION = 1;
				DEVELOPMENT_TEAM = P235TPVD73;
				GENERATE_INFOPLIST_FILE = YES;
				IPHONEOS_DEPLOYMENT_TARGET = 17.4;
				MARKETING_VERSION = 1.0;
				PRODUCT_BUNDLE_IDENTIFIER = "engineering-interview.NasaImageExplorerTests";
				PRODUCT_NAME = "$(TARGET_NAME)";
				SWIFT_EMIT_LOC_STRINGS = NO;
				SWIFT_VERSION = 5.0;
				TARGETED_DEVICE_FAMILY = "1,2";
				TEST_HOST = "$(BUILT_PRODUCTS_DIR)/NasaImageExplorer.app/$(BUNDLE_EXECUTABLE_FOLDER_PATH)/NasaImageExplorer";
			};
			name = Release;
		};
		260A85422C0D2C23000E93C7 /* Debug */ = {
			isa = XCBuildConfiguration;
			buildSettings = {
				ALWAYS_EMBED_SWIFT_STANDARD_LIBRARIES = YES;
				CODE_SIGN_STYLE = Automatic;
				CURRENT_PROJECT_VERSION = 1;
				DEVELOPMENT_TEAM = P235TPVD73;
				GENERATE_INFOPLIST_FILE = YES;
				MARKETING_VERSION = 1.0;
				PRODUCT_BUNDLE_IDENTIFIER = "engineering-interview.NasaImageExplorerUITests";
				PRODUCT_NAME = "$(TARGET_NAME)";
				SWIFT_EMIT_LOC_STRINGS = NO;
				SWIFT_VERSION = 5.0;
				TARGETED_DEVICE_FAMILY = "1,2";
				TEST_TARGET_NAME = NasaImageExplorer;
			};
			name = Debug;
		};
		260A85432C0D2C23000E93C7 /* Release */ = {
			isa = XCBuildConfiguration;
			buildSettings = {
				ALWAYS_EMBED_SWIFT_STANDARD_LIBRARIES = YES;
				CODE_SIGN_STYLE = Automatic;
				CURRENT_PROJECT_VERSION = 1;
				DEVELOPMENT_TEAM = P235TPVD73;
				GENERATE_INFOPLIST_FILE = YES;
				MARKETING_VERSION = 1.0;
				PRODUCT_BUNDLE_IDENTIFIER = "engineering-interview.NasaImageExplorerUITests";
				PRODUCT_NAME = "$(TARGET_NAME)";
				SWIFT_EMIT_LOC_STRINGS = NO;
				SWIFT_VERSION = 5.0;
				TARGETED_DEVICE_FAMILY = "1,2";
				TEST_TARGET_NAME = NasaImageExplorer;
			};
			name = Release;
		};
/* End XCBuildConfiguration section */

/* Begin XCConfigurationList section */
		260A850C2C0D2C20000E93C7 /* Build configuration list for PBXProject "NasaImageExplorer" */ = {
			isa = XCConfigurationList;
			buildConfigurations = (
				260A85392C0D2C23000E93C7 /* Debug */,
				260A853A2C0D2C23000E93C7 /* Release */,
			);
			defaultConfigurationIsVisible = 0;
			defaultConfigurationName = Release;
		};
		260A853B2C0D2C23000E93C7 /* Build configuration list for PBXNativeTarget "NasaImageExplorer" */ = {
			isa = XCConfigurationList;
			buildConfigurations = (
				260A853C2C0D2C23000E93C7 /* Debug */,
				260A853D2C0D2C23000E93C7 /* Release */,
			);
			defaultConfigurationIsVisible = 0;
			defaultConfigurationName = Release;
		};
		260A853E2C0D2C23000E93C7 /* Build configuration list for PBXNativeTarget "NasaImageExplorerTests" */ = {
			isa = XCConfigurationList;
			buildConfigurations = (
				260A853F2C0D2C23000E93C7 /* Debug */,
				260A85402C0D2C23000E93C7 /* Release */,
			);
			defaultConfigurationIsVisible = 0;
			defaultConfigurationName = Release;
		};
		260A85412C0D2C23000E93C7 /* Build configuration list for PBXNativeTarget "NasaImageExplorerUITests" */ = {
			isa = XCConfigurationList;
			buildConfigurations = (
				260A85422C0D2C23000E93C7 /* Debug */,
				260A85432C0D2C23000E93C7 /* Release */,
			);
			defaultConfigurationIsVisible = 0;
			defaultConfigurationName = Release;
		};
/* End XCConfigurationList section */
	};
	rootObject = 260A85092C0D2C20000E93C7 /* Project object */;
}
